# This file is autogenerated, do not edit; changes may be undone by the next 'dep ensure'.


[[projects]]
  digest = "1:927b259d8bda0555c2e01c99951b686dd976eb72b7669201fe6d13448284808d"
  name = "cloud.google.com/go"
  packages = [
    "compute/metadata",
    "iam",
    "internal",
    "internal/optional",
    "internal/trace",
    "internal/version",
    "storage",
  ]
  pruneopts = ""
  revision = "aad3f485ee528456e0768f20397b4d9dd941e755"
  version = "v0.25.0"

[[projects]]
  digest = "1:08108caf6ec616d19308408dbd873961bdbf32dc10694d8824d162cce026dc90"
  name = "github.com/BurntSushi/toml"
  packages = ["."]
  pruneopts = ""
  revision = "b26d9c308763d68093482582cea63d69be07a0f0"
  version = "v0.3.0"

[[projects]]
  digest = "1:ec6a42cd98d70f0916216d8f6df8ca61145edeaad041014aa9c003068de7364c"
  name = "github.com/Microsoft/go-winio"
  packages = ["."]
  pruneopts = ""
  revision = "a6d595ae73cf27a1b8fc32930668708f45ce1c85"
  version = "v0.4.9"

[[projects]]
  branch = "master"
  digest = "1:d2bc87fdcda231ca39fbe405db838be1e5d97f996acb45a89032e54be007a3f1"
  name = "github.com/UrbanStackOrg/urbanstack-go-packages"
  packages = [
    "client",
    "common",
  ]
  pruneopts = ""
  revision = "9ad26b389825c46ca0544007e10bf3b46cce19fd"

[[projects]]
  branch = "master"
  digest = "1:3a60749346056c882b93d8f9746a7a8b69348b6e00ae8209e3d1ef4ad4697fe6"
  name = "github.com/UrbanStackOrg/urbanstack-compute"
  packages = ["worker"]
  pruneopts = ""
  revision = "30c24a99eafe4d7cd8148d97f705996b7c973e8c"

[[projects]]
  branch = "master"
  digest = "1:812938543b1cf67226707615e265b1a5a67b5a9b26c373eb90f0221e1f078a73"
  name = "github.com/UrbanStackOrg/urbanstack-go-packages"
  packages = [
    "client",
    "common",
  ]
  pruneopts = ""
  revision = "1e47796b3c0cf4a6ca7ee7bb38c528a5ec5fc372"

[[projects]]
  digest = "1:bf2bc458ef98addbce5e62c4887485ce78ca57792f3df15ea0b4d92336c29597"
  name = "github.com/aws/aws-sdk-go"
  packages = [
    "aws",
    "aws/awserr",
    "aws/awsutil",
    "aws/client",
    "aws/client/metadata",
    "aws/corehandlers",
    "aws/credentials",
    "aws/credentials/ec2rolecreds",
    "aws/credentials/endpointcreds",
    "aws/credentials/stscreds",
    "aws/csm",
    "aws/defaults",
    "aws/ec2metadata",
    "aws/endpoints",
    "aws/request",
    "aws/session",
    "aws/signer/v4",
    "internal/sdkio",
    "internal/sdkrand",
    "internal/sdkuri",
    "internal/shareddefaults",
    "private/protocol",
    "private/protocol/eventstream",
    "private/protocol/eventstream/eventstreamapi",
    "private/protocol/query",
    "private/protocol/query/queryutil",
    "private/protocol/rest",
    "private/protocol/restxml",
    "private/protocol/xml/xmlutil",
    "service/s3",
    "service/sts",
  ]
  pruneopts = ""
  revision = "bc3f534c19ffdf835e524e11f0f825b3eaf541c3"
  version = "v1.14.31"

[[projects]]
  branch = "master"
  digest = "1:23a665dc51db24929ca71f33cc80e4264677d71668f15a6ec348e19c896881ec"
  name = "github.com/cloudflare/cfssl"
  packages = [
    "api",
    "auth",
    "certdb",
    "config",
    "crypto/pkcs7",
    "csr",
    "errors",
    "helpers",
    "helpers/derhelpers",
    "info",
    "log",
    "ocsp/config",
    "signer",
  ]
  pruneopts = ""
  revision = "e04a6ddc69119c6ded64e0f61f76150066040105"

[[projects]]
  digest = "1:0a39ec8bf5629610a4bc7873a92039ee509246da3cef1a0ea60f1ed7e5f9cea5"
  name = "github.com/davecgh/go-spew"
  packages = ["spew"]
  pruneopts = ""
  revision = "346938d642f2ec3594ed81d874461961cd0faa76"
  version = "v1.1.0"

[[projects]]
  digest = "1:3152d7c68fd4797ca2d96524b7b229cd8237e2c2b2605584ebd736cc7be2a523"
  name = "github.com/docker/distribution"
  packages = [
    "digest",
    "reference",
  ]
  pruneopts = ""
  revision = "48294d928ced5dd9b378f7fd7c6f5da3ff3f2c89"
  version = "v2.6.2"

[[projects]]
  digest = "1:d8bd37d703174b067cb6aaf4373bb66cafd012761358667a5dff52320e3316f3"
  name = "github.com/docker/docker"
  packages = [
    "api/types",
    "api/types/blkiodev",
    "api/types/container",
    "api/types/events",
    "api/types/filters",
    "api/types/mount",
    "api/types/network",
    "api/types/reference",
    "api/types/registry",
    "api/types/strslice",
    "api/types/swarm",
    "api/types/time",
    "api/types/versions",
    "api/types/volume",
    "client",
    "pkg/tlsconfig",
  ]
  pruneopts = ""
  revision = "092cba3727bb9b4a2f0e922cd6c0f93ea270e363"
  version = "v1.13.1"

[[projects]]
  digest = "1:5b20afc76a36d3994194e2612e83b51bc2b12db3d4d2a722b24474b2d0e3a890"
  name = "github.com/docker/go-connections"
  packages = [
    "nat",
    "sockets",
    "tlsconfig",
  ]
  pruneopts = ""
  revision = "3ede32e2033de7505e6500d6c868c2b9ed9f169d"
  version = "v0.3.0"

[[projects]]
  digest = "1:582d54fcb7233da8dde1dfd2210a5b9675d0685f84246a8d317b07d680c18b1b"
  name = "github.com/docker/go-units"
  packages = ["."]
  pruneopts = ""
  revision = "47565b4f722fb6ceae66b95f853feed578a4a51c"
  version = "v0.3.3"

[[projects]]
  digest = "1:b2106f1668ea5efc1ecc480f7e922a093adb9563fd9ce58585292871f0d0f229"
  name = "github.com/fsnotify/fsnotify"
  packages = ["."]
  pruneopts = ""
  revision = "c2828203cd70a50dcccfb2761f8b1f8ceef9a8e9"
  version = "v1.4.7"

[[projects]]
  digest = "1:0402b84039f6e23da4f8d74efeedaafd39d6ad30c672334e3543c253ff894fec"
  name = "github.com/geekypanda/httpcache"
  packages = ["."]
  pruneopts = ""
  revision = "76cace3b49b4d5d13592f13e4e7024d7107a4043"
  version = "v0.0.1"

[[projects]]
  digest = "1:d19c78214e03e297e9e30d2eb11892f731358b2951f2a5c7374658a156373e4c"
  name = "github.com/go-ini/ini"
  packages = ["."]
  pruneopts = ""
  revision = "358ee7663966325963d4e8b2e1fbd570c5195153"
  version = "v1.38.1"

[[projects]]
  branch = "master"
  digest = "1:6759ec7a2eef9ede6c1d247c5fbf8eec3ae7c26076efcd56414a3082060d5add"
  name = "github.com/golang/protobuf"
  packages = [
    "proto",
    "protoc-gen-go/descriptor",
    "ptypes",
    "ptypes/any",
    "ptypes/duration",
    "ptypes/timestamp",
  ]
  pruneopts = ""
  revision = "427e165155e0a4ff5993a36657c1f733f5b0f782"

[[projects]]
  branch = "master"
  digest = "1:075128b9fc42e6d99067da1a2e6c0a634a6043b5a60abe6909c51f5ecad37b6d"
  name = "github.com/golang/snappy"
  packages = ["."]
  pruneopts = ""
  revision = "2e65f85255dbc3072edf28d6b5b8efc472979f5a"

[[projects]]
  digest = "1:3424b633480a9c4b8f9a2054aeeae41f15b642fcdada2dc426b38401b5cbd0cb"
  name = "github.com/google/certificate-transparency-go"
  packages = [
    ".",
    "asn1",
    "tls",
    "x509",
    "x509/pkix",
  ]
  pruneopts = ""
  revision = "5ab67e519c93568ac3ee50fd6772a5bcf8aa460d"

[[projects]]
  digest = "1:1dc73dfcce80e0a3d4d07bf252c579daa001ad3ea3e2b15779222eaed4166605"
  name = "github.com/google/go-github"
  packages = ["github"]
  pruneopts = ""
  revision = "e48060a28fac52d0f1cb758bc8b87c07bac4a87d"
  version = "v15.0.0"

[[projects]]
  branch = "master"
  digest = "1:9abc49f39e3e23e262594bb4fb70abf74c0c99e94f99153f43b143805e850719"
  name = "github.com/google/go-querystring"
  packages = ["query"]
  pruneopts = ""
  revision = "53e6ce116135b80d037921a7fdd5138cf32d7a8a"

[[projects]]
  digest = "1:e097a364f4e8d8d91b9b9eeafb992d3796a41fde3eb548c1a87eb9d9f60725cf"
  name = "github.com/googleapis/gax-go"
  packages = ["."]
  pruneopts = ""
  revision = "317e0006254c44a0ac427cc52a0e083ff0b9622f"
  version = "v2.0.0"

[[projects]]
  branch = "master"
  digest = "1:139bdc2c89779b8ff8b1150be28f889b0ed964e6da96f32cbc9035bd4642881c"
  name = "github.com/hashicorp/go-version"
  packages = ["."]
  pruneopts = ""
  revision = "270f2f71b1ee587f3b609f00f422b76a6b28f348"

[[projects]]
  branch = "master"
  digest = "1:ccfc44438ba7fc24effffbe9c7b75bbbb51e7a275e361e62a4dbffbc9e8e43d9"
  name = "github.com/hashicorp/hcl"
  packages = [
    ".",
    "hcl/ast",
    "hcl/parser",
    "hcl/printer",
    "hcl/scanner",
    "hcl/strconv",
    "hcl/token",
    "json/parser",
    "json/scanner",
    "json/token",
  ]
  pruneopts = ""
  revision = "ef8a98b0bbce4a65b5aa4c368430a80ddc533168"

[[projects]]
  digest = "1:df1272f831d8ffbc1de404699b2681ad2f7db8170b74be1796b15a535f8fbb4e"
  name = "github.com/hyperledger/fabric-sdk-go"
  packages = [
    "api/apiconfig",
    "api/apicryptosuite",
    "api/apifabca",
    "api/apifabclient",
    "api/apilogging",
    "api/apitxn",
    "api/apitxn/chmgmtclient",
    "api/apitxn/resmgmtclient",
    "def/fabapi",
    "def/fabapi/context",
    "def/fabapi/context/defprovider",
    "def/fabapi/opt",
    "internal/github.com/hyperledger/fabric-ca/api",
    "internal/github.com/hyperledger/fabric-ca/lib",
    "internal/github.com/hyperledger/fabric-ca/lib/tls",
    "internal/github.com/hyperledger/fabric-ca/sdkpatch/cryptosuitebridge",
    "internal/github.com/hyperledger/fabric-ca/sdkpatch/logbridge",
    "internal/github.com/hyperledger/fabric-ca/util",
    "internal/github.com/hyperledger/fabric/bccsp",
    "internal/github.com/hyperledger/fabric/bccsp/factory",
    "internal/github.com/hyperledger/fabric/bccsp/pkcs11",
    "internal/github.com/hyperledger/fabric/bccsp/signer",
    "internal/github.com/hyperledger/fabric/bccsp/sw",
    "internal/github.com/hyperledger/fabric/bccsp/utils",
    "internal/github.com/hyperledger/fabric/common/channelconfig",
    "internal/github.com/hyperledger/fabric/common/crypto",
    "internal/github.com/hyperledger/fabric/common/util",
    "internal/github.com/hyperledger/fabric/core/ledger/kvledger/txmgmt/rwsetutil",
    "internal/github.com/hyperledger/fabric/core/ledger/util",
    "internal/github.com/hyperledger/fabric/events/consumer",
    "internal/github.com/hyperledger/fabric/msp",
    "internal/github.com/hyperledger/fabric/protos/orderer",
    "internal/github.com/hyperledger/fabric/protos/utils",
    "internal/github.com/hyperledger/fabric/sdkpatch/cryptosuitebridge",
    "internal/github.com/hyperledger/fabric/sdkpatch/logbridge",
    "pkg/config",
    "pkg/config/urlutil",
    "pkg/cryptosuite",
    "pkg/cryptosuite/bccsp",
    "pkg/errors",
    "pkg/fabric-ca-client",
    "pkg/fabric-client",
    "pkg/fabric-client/channel",
    "pkg/fabric-client/credentialmgr",
    "pkg/fabric-client/events",
    "pkg/fabric-client/events/consumer",
    "pkg/fabric-client/identity",
    "pkg/fabric-client/internal",
    "pkg/fabric-client/internal/txnproc",
    "pkg/fabric-client/keyvaluestore",
    "pkg/fabric-client/mocks",
    "pkg/fabric-client/orderer",
    "pkg/fabric-client/peer",
    "pkg/fabric-client/signingmgr",
    "pkg/fabric-txn/chclient",
    "pkg/fabric-txn/chmgmtclient",
    "pkg/fabric-txn/discovery/staticdiscovery",
    "pkg/fabric-txn/internal",
    "pkg/fabric-txn/resmgmtclient",
    "pkg/fabric-txn/selection/staticselection",
    "pkg/logging",
    "pkg/logging/deflogger",
    "pkg/logging/utils",
    "third_party/github.com/hyperledger/fabric/protos/common",
    "third_party/github.com/hyperledger/fabric/protos/ledger/rwset",
    "third_party/github.com/hyperledger/fabric/protos/ledger/rwset/kvrwset",
    "third_party/github.com/hyperledger/fabric/protos/msp",
    "third_party/github.com/hyperledger/fabric/protos/orderer",
    "third_party/github.com/hyperledger/fabric/protos/peer",
  ]
  pruneopts = ""
  revision = "9dad8aeef1cad811762f1c476eb6fdf459836471"

[[projects]]
  digest = "1:302c6eb8e669c997bec516a138b8fc496018faa1ece4c13e445a2749fbe079bb"
  name = "github.com/imdario/mergo"
  packages = ["."]
  pruneopts = ""
  revision = "9316a62528ac99aaecb4e47eadd6dc8aa6533d58"
  version = "v0.3.5"

[[projects]]
  digest = "1:54c0f6e6e143b05da98fd4c86faa337f05d5eb4ff856e8883d5f00b0f2404995"
  name = "github.com/iris-contrib/formBinder"
  packages = ["."]
  pruneopts = ""
  revision = "39c8cd740c8f5a6831bec11c534a850e02c342a3"
  version = "v4"

[[projects]]
  digest = "1:4f767a115bc8e08576f6d38ab73c376fc1b1cd3bb5041171c9e8668cc7739b52"
  name = "github.com/jmespath/go-jmespath"
  packages = ["."]
  pruneopts = ""
  revision = "0b12d6b5"

[[projects]]
  digest = "1:0ac894bcc36ffd671df6de4e62db67259df6c9a7d7ec32ed7309f892596b43ad"
  name = "github.com/kataras/go-errors"
  packages = ["."]
  pruneopts = ""
  revision = "d2aaffdebcb40c69c4cb6a95e436430cde192435"
  version = "v0.0.3"

[[projects]]
  digest = "1:9a7e29160d6e7d4a6ccff54b8f5bf4133b1af04b13cdcca44a9df3c187fd151a"
  name = "github.com/klauspost/compress"
  packages = [
    "flate",
    "gzip",
    "zlib",
  ]
  pruneopts = ""
  revision = "b939724e787a27c0005cabe3f78e7ed7987ac74f"
  version = "v1.4.0"

[[projects]]
  digest = "1:836857de0ed12da1a713c478743d85e539fba38d948d1045cdff05d493ff51f4"
  name = "github.com/klauspost/cpuid"
  packages = ["."]
  pruneopts = ""
  revision = "ae7887de9fa5d2db4eaa8174a7eff2c1ac00f2da"
  version = "v1.1"

[[projects]]
  digest = "1:31290d06c718829a084ab626faac0bac1e1c9c46ad4625e3da0314ffe15566fc"
  name = "github.com/magiconair/properties"
  packages = ["."]
  pruneopts = ""
  revision = "c2353362d570a7bfa228149c62842019201cfb71"
  version = "v1.8.0"

[[projects]]
  digest = "1:666aa9adea209a9df7267b3a0bfdaa802dcd470d6e1cb8e8b4ca14425b2024eb"
  name = "github.com/microcosm-cc/bluemonday"
  packages = ["."]
  pruneopts = ""
  revision = "dafebb5b6ff2861a0d69af64991e10866c19be85"
  version = "v1.0.0"

[[projects]]
  branch = "master"
  digest = "1:8ab5ee966e7d1037298bba8868019af1936c22dd5773e568aec96a405e4f7969"
  name = "github.com/miekg/pkcs11"
  packages = ["."]
  pruneopts = ""
  revision = "287d9350987cc9334667882061e202e96cdfb4d0"

[[projects]]
  branch = "master"
  digest = "1:f43ed2c836208c14f45158fd01577c985688a4d11cf9fd475a939819fef3b321"
  name = "github.com/mitchellh/mapstructure"
  packages = ["."]
  pruneopts = ""
  revision = "f15292f7a699fcc1a38a80977f80a046874ba8ac"

[[projects]]
  digest = "1:501cce26a54c785458b0dd54a08ddd984d4ad0c198255430d5d37cd2efe23149"
  name = "github.com/nsqio/go-nsq"
  packages = ["."]
  pruneopts = ""
  revision = "eee57a3ac4174c55924125bb15eeeda8cffb6e6f"
  version = "v1.0.7"

[[projects]]
  digest = "1:7c4a3dfaf6a6a70d05954f9eab61be866456a9056e8eba065b7e3a4907203a92"
  name = "github.com/pelletier/go-toml"
  packages = ["."]
  pruneopts = ""
  revision = "c01d1270ff3e442a8a57cddc1c92dc1138598194"
  version = "v1.2.0"

[[projects]]
  branch = "master"
  digest = "1:edf55a9a482f7883632a230443fc11d09a5ddb1eadc6c9457c01c75b7625a406"
  name = "github.com/pkg/errors"
  packages = ["."]
  pruneopts = ""
  revision = "816c9085562cd7ee03e7f8188a1cfd942858cded"

[[projects]]
  digest = "1:256484dbbcd271f9ecebc6795b2df8cad4c458dd0f5fd82a8c2fa0c29f233411"
  name = "github.com/pmezard/go-difflib"
  packages = ["difflib"]
  pruneopts = ""
  revision = "792786c7400a136282c1664665ae0a8db921c6c2"
  version = "v1.0.0"

[[projects]]
  digest = "1:6da36606b21f0f6551871fc03efc272114eb772c1680d42ccce48e835b101e7e"
  name = "github.com/russross/blackfriday"
  packages = ["."]
  pruneopts = ""
  revision = "0ba0f2"

[[projects]]
  digest = "1:7f569d906bdd20d906b606415b7d794f798f91a62fcfb6a4daa6d50690fb7a3f"
  name = "github.com/satori/go.uuid"
  packages = ["."]
  pruneopts = ""
  revision = "f58768cc1a7a7e77a3bd49e98cdd21419399b6a3"
  version = "v1.2.0"

[[projects]]
  digest = "1:3d6c88f060fdaac3291f3d18f58eb542fe3a2b330609b269962d26d0c99104be"
  name = "github.com/spf13/afero"
  packages = [
    ".",
    "mem",
  ]
  pruneopts = ""
  revision = "787d034dfe70e44075ccc060d346146ef53270ad"
  version = "v1.1.1"

[[projects]]
  digest = "1:d0b38ba6da419a6d4380700218eeec8623841d44a856bb57369c172fbf692ab4"
  name = "github.com/spf13/cast"
  packages = ["."]
  pruneopts = ""
  revision = "8965335b8c7107321228e3e3702cab9832751bac"
  version = "v1.2.0"

[[projects]]
  branch = "master"
  digest = "1:104517520aab91164020ab6524a5d6b7cafc641b2e42ac6236f6ac1deac4f66a"
  name = "github.com/spf13/jwalterweatherman"
  packages = ["."]
  pruneopts = ""
  revision = "7c0cea34c8ece3fbeb2b27ab9b59511d360fb394"

[[projects]]
  digest = "1:8e243c568f36b09031ec18dff5f7d2769dcf5ca4d624ea511c8e3197dc3d352d"
  name = "github.com/spf13/pflag"
  packages = ["."]
  pruneopts = ""
  revision = "583c0c0531f06d5278b7d917446061adc344b5cd"
  version = "v1.0.1"

[[projects]]
  digest = "1:79af66c513727a0ed32fb4137ad7d0613b01e8e2f5ce9479724e26e2c9068011"
  name = "github.com/spf13/viper"
  packages = ["."]
  pruneopts = ""
  revision = "b5e8006cbee93ec955a89ab31e0e3ce3204f3736"
  version = "v1.0.2"

[[projects]]
  digest = "1:bc2a12c8863e1080226b7bc69192efd6c37aaa9b85cec508b0a8f54fabb9bd9f"
  name = "github.com/stretchr/testify"
  packages = ["assert"]
  pruneopts = ""
  revision = "f35b8ab0b5a2cef36673838d662e249dd9c94686"
  version = "v1.2.2"

[[projects]]
  branch = "master"
  digest = "1:857a9ecd5cb13379ecc8f798f6e6b6b574c98b9355657d91e068275f1120aaf7"
  name = "github.com/valyala/bytebufferpool"
  packages = ["."]
  pruneopts = ""
  revision = "e746df99fe4a3986f4d4f79e13c1e0117ce9c2f7"

[[projects]]
  digest = "1:bfcbb58e11d91c84a59c329279c0565aed26c8d2f4d688eebbdeffe1ac3e0cac"
  name = "github.com/valyala/fasthttp"
  packages = [
    ".",
    "fasthttputil",
    "stackless",
  ]
  pruneopts = ""
  revision = "e5f51c11919d4f66400334047b897ef0a94c6f3c"
  version = "v20180529"

[[projects]]
  digest = "1:7c36337ef76e5f58c1167f3356149577268cce22cddf92b0692e211dae908d86"
  name = "go.opencensus.io"
  packages = [
    ".",
    "exporter/stackdriver/propagation",
    "internal",
    "internal/tagencoding",
    "plugin/ochttp",
    "plugin/ochttp/propagation/b3",
    "stats",
    "stats/internal",
    "stats/view",
    "tag",
    "trace",
    "trace/internal",
    "trace/propagation",
  ]
  pruneopts = ""
  revision = "e262766cd0d230a1bb7c37281e345e465f19b41b"
  version = "v0.14.0"

[[projects]]
  branch = "master"
  digest = "1:798981f04990c9da3f4fde5d7b717e9cdabed624450aaecf01e9a2896d076040"
  name = "golang.org/x/crypto"
  packages = [
    "acme",
    "acme/autocert",
    "cryptobyte",
    "cryptobyte/asn1",
    "ocsp",
    "pkcs12",
    "pkcs12/internal/rc2",
    "sha3",
  ]
  pruneopts = ""
  revision = "c126467f60eb25f8f27e5a981f32a87e3965053f"

[[projects]]
  branch = "master"
  digest = "1:58d8f8f3ad415b10d2145316519e5b7995b7cf9e663b33a1e9e0c2ddd96c1d58"
  name = "golang.org/x/net"
  packages = [
    "context",
    "context/ctxhttp",
    "html",
    "html/atom",
    "http/httpguts",
    "http2",
    "http2/hpack",
    "idna",
    "internal/socks",
    "internal/timeseries",
    "proxy",
    "trace",
  ]
  pruneopts = ""
  revision = "a680a1efc54dd51c040b3b5ce4939ea3cf2ea0d1"

[[projects]]
  branch = "master"
  digest = "1:b9e1a35de8b10387d6d0c97c41f393d2025fb51b6f00b8cb9a1a9fca62956884"
  name = "golang.org/x/oauth2"
  packages = [
    ".",
    "google",
    "internal",
    "jws",
    "jwt",
  ]
  pruneopts = ""
  revision = "ef147856a6ddbb60760db74283d2424e98c87bff"

[[projects]]
  branch = "master"
  digest = "1:d84d0f563cc649de4c9a8272a0395f75b11952202d18d4d927e933cc91493062"
  name = "golang.org/x/sync"
  packages = ["syncmap"]
  pruneopts = ""
  revision = "1d60e4601c6fd243af51cc01ddf169918a5407ca"

[[projects]]
  branch = "master"
  digest = "1:a8944db88149e7ecbea4b760c625b9ccf455fceae21387bc8890c3589d28b623"
  name = "golang.org/x/sys"
  packages = [
    "unix",
    "windows",
  ]
  pruneopts = ""
  revision = "ac767d655b305d4e9612f5f6e33120b9176c4ad4"

[[projects]]
  digest = "1:af9bfca4298ef7502c52b1459df274eed401a4f5498b900e9a92d28d3d87ac5a"
  name = "golang.org/x/text"
  packages = [
    "collate",
    "collate/build",
    "internal/colltab",
    "internal/gen",
    "internal/tag",
    "internal/triegen",
    "internal/ucd",
    "language",
    "secure/bidirule",
    "transform",
    "unicode/bidi",
    "unicode/cldr",
    "unicode/norm",
    "unicode/rangetable",
  ]
  pruneopts = ""
  revision = "f21a4dfb5e38f5895301dc265a8def02365cc3d0"
  version = "v0.3.0"

[[projects]]
  branch = "master"
  digest = "1:5338c4f52c7fee4dc758b15e9914425ebda1c5ebdec41a54d5dbeb16a825ba0a"
  name = "google.golang.org/api"
  packages = [
    "gensupport",
    "googleapi",
    "googleapi/internal/uritemplates",
    "googleapi/transport",
    "internal",
    "iterator",
    "option",
    "storage/v1",
    "transport/http",
  ]
  pruneopts = ""
  revision = "2c45710c7f3fb0ab63506810a1ba84325ab90ab8"

[[projects]]
  digest = "1:eede11c81b63c8f6fd06ef24ba0a640dc077196ec9b7a58ecde03c82eee2f151"
  name = "google.golang.org/appengine"
  packages = [
    ".",
    "internal",
    "internal/app_identity",
    "internal/base",
    "internal/datastore",
    "internal/log",
    "internal/modules",
    "internal/remote_api",
    "internal/urlfetch",
    "urlfetch",
  ]
  pruneopts = ""
  revision = "b1f26356af11148e710935ed1ac8a7f5702c7612"
  version = "v1.1.0"

[[projects]]
  branch = "master"
  digest = "1:6bf6259dfad916727dcf9e148f4258c816071e034fb31ba33152448afa992615"
  name = "google.golang.org/genproto"
  packages = [
    "googleapis/api/annotations",
    "googleapis/iam/v1",
    "googleapis/rpc/code",
    "googleapis/rpc/status",
  ]
  pruneopts = ""
  revision = "02b4e95473316948020af0b7a4f0f22c73929b0e"

[[projects]]
  digest = "1:05f2028524c4eada11e3f46d23139f23e9e0a40b2552207a5af278e8063ce782"
  name = "google.golang.org/grpc"
  packages = [
    ".",
    "balancer",
    "balancer/base",
    "balancer/roundrobin",
    "codes",
    "connectivity",
    "credentials",
    "encoding",
    "encoding/proto",
    "grpclog",
    "internal",
    "internal/backoff",
    "internal/channelz",
    "internal/grpcrand",
    "keepalive",
    "metadata",
    "naming",
    "peer",
    "resolver",
    "resolver/dns",
    "resolver/passthrough",
    "stats",
    "status",
    "tap",
    "transport",
  ]
  pruneopts = ""
  revision = "168a6198bcb0ef175f7dacec0b8691fc141dc9b8"
  version = "v1.13.0"

[[projects]]
  digest = "1:34223d3aa8168e0a40488a219f6ae5a4dd777f777b3a2c36c6bf962601b14511"
  name = "gopkg.in/kataras/iris.v6"
  packages = [
    ".",
    "adaptors/httprouter",
    "middleware/logger",
  ]
  pruneopts = ""
  revision = "09a2066268f99fc8ee40ecddde8b415f76250f4b"
  source = "https://github.com/UrbanStackOrg/iris.git"
  version = "v6.2"

[[projects]]
  branch = "v2"
  digest = "1:f0620375dd1f6251d9973b5f2596228cc8042e887cd7f827e4220bc1ce8c30e2"
  name = "gopkg.in/yaml.v2"
  packages = ["."]
  pruneopts = ""
  revision = "5420a8b6744d3b0345ab293f6fcba19c978f1183"

[solve-meta]
  analyzer-name = "dep"
  analyzer-version = 1
  input-imports = [
    "github.com/UrbanStackOrg/urbanstack-compute/worker",
    "github.com/UrbanStackOrg/urbanstack-go-packages/client",
    "github.com/UrbanStackOrg/urbanstack-go-packages/common",
    "github.com/satori/go.uuid",
    "github.com/stretchr/testify/assert",
    "gopkg.in/kataras/iris.v6",
    "gopkg.in/kataras/iris.v6/adaptors/httprouter",
    "gopkg.in/kataras/iris.v6/middleware/logger",
  ]
  solver-name = "gps-cdcl"
  solver-version = 1
